
Microsoft Visual Studio Solution File, Format Version 12.00
# Visual Studio 15
VisualStudioVersion = 15.0.28307.1259
MinimumVisualStudioVersion = 10.0.40219.1
Project("{FAE04EC0-301F-11D3-BF4B-00C04F79EFBC}") = "EShopWebMVC", "EShopWebMVC\EShopWebMVC.csproj", "{928EBB9A-DB92-46B4-8E62-122F13E61D1E}"
EndProject
Global
	GlobalSection(SolutionConfigurationPlatforms) = preSolution
		Debug|Any CPU = Debug|Any CPU
		Release|Any CPU = Release|Any CPU
	EndGlobalSection
	GlobalSection(ProjectConfigurationPlatforms) = postSolution
		{928EBB9A-DB92-46B4-8E62-122F13E61D1E}.Debug|Any CPU.ActiveCfg = Debug|Any CPU
		{928EBB9A-DB92-46B4-8E62-122F13E61D1E}.Debug|Any CPU.Build.0 = Debug|Any CPU
		{928EBB9A-DB92-46B4-8E62-122F13E61D1E}.Release|Any CPU.ActiveCfg = Release|Any CPU
		{928EBB9A-DB92-46B4-8E62-122F13E61D1E}.Release|Any CPU.Build.0 = Release|Any CPU
	EndGlobalSection
	GlobalSection(SolutionProperties) = preSolution
		HideSolutionNode = FALSE
	EndGlobalSection
	GlobalSection(ExtensibilityGlobals) = postSolution
		SolutionGuid = {52D2B936-C2C0-4012-A18C-30555CD96E9A}
	EndGlobalSection
EndGlobal
